{
  "name": "Airi",
  "lockfileVersion": 3,
  "requires": true,
  "packages": {
    "": {
      "dependencies": {
        "air-datepicker": "^3.3.5"
      }
    },
    "node_modules/air-datepicker": {
      "version": "3.3.5",
      "resolved": "https://registry.npmjs.org/air-datepicker/-/air-datepicker-3.3.5.tgz",
      "integrity": "sha512-5JQLvhgiOwOX1SGT1Zo1J2GgYijNs9g9yzjvrUWqQekMkuAMRL7m0DNC3zDnm7cNCNAgbE4DF+BBD9w+IbfQow=="
    }
  }
}
